version = 1
revision = 3
requires-python = ">=3.13"

[manifest]

[[manifest.dependency-metadata]]
name = "basicsr"
version = "1.4.2"
requires-dist = ["addict", "future", "lmdb", "numpy>=1.17", "opencv-python", "pillow", "pyyaml", "requests", "scikit-image", "scipy", "tensorboard>=2.11", "torch>=1.7", "torchvision", "tqdm", "yapf"]

[[manifest.dependency-metadata]]
name = "gfpgan"
version = "1.3.8"
requires-dist = ["basicsr>=1.4.2", "facexlib>=0.2.5", "lmdb", "numpy", "opencv-python", "pyyaml", "scipy", "tensorboard>=2.11", "torch>=1.7", "torchvision", "tqdm", "yapf"]
